
Microsoft Visual Studio Solution File, Format Version 12.00
# Visual Studio Version 16
VisualStudioVersion = 16.0.31613.86
MinimumVisualStudioVersion = 10.0.40219.1
Project("{FAE04EC0-301F-11D3-BF4B-00C04F79EFBC}") = "Cafe", "Cafe\Cafe.csproj", "{9A197751-6E53-4DCA-A42E-79086D230A9A}"
EndProject
Project("{FAE04EC0-301F-11D3-BF4B-00C04F79EFBC}") = "Cafe-Unittest", "UnitTestProject1\Cafe-Unittest.csproj", "{A9B1CD09-485B-4069-85F4-4DB1AFA536B5}"
EndProject
Project("{2150E333-8FDC-42A3-9474-1A3956D46DE8}") = "CafeProgram", "CafeProgram", "{B087167F-F6C3-4891-949C-5DEA42737243}"
EndProject
Project("{2150E333-8FDC-42A3-9474-1A3956D46DE8}") = "Komodo Claims", "Komodo Claims", "{CDA60CAD-8D78-45CC-8BDC-209512B2E15D}"
EndProject
Project("{FAE04EC0-301F-11D3-BF4B-00C04F79EFBC}") = "Komodo_Claims", "Komodo_Claims\Komodo_Claims.csproj", "{D7A22F26-DA1F-40E0-BA24-0A7E97C5F2BA}"
EndProject
Project("{FAE04EC0-301F-11D3-BF4B-00C04F79EFBC}") = "Komodo_CLaim_Test", "CLaim_Test\Komodo_CLaim_Test.csproj", "{A4F27C9A-1AC9-49F3-8B52-A6CF0AB7E6E4}"
EndProject
Project("{2150E333-8FDC-42A3-9474-1A3956D46DE8}") = "Komodo_Outings", "Komodo_Outings", "{CBF8366E-7D0B-4C59-AF96-2DA44BCDB456}"
EndProject
Project("{FAE04EC0-301F-11D3-BF4B-00C04F79EFBC}") = "Komodo_outing", "Komodo_outing\Komodo_outing.csproj", "{0B36E2F9-F642-425F-8FF2-C247338EDCC7}"
EndProject
Global
	GlobalSection(SolutionConfigurationPlatforms) = preSolution
		Debug|Any CPU = Debug|Any CPU
		Release|Any CPU = Release|Any CPU
	EndGlobalSection
	GlobalSection(ProjectConfigurationPlatforms) = postSolution
		{9A197751-6E53-4DCA-A42E-79086D230A9A}.Debug|Any CPU.ActiveCfg = Debug|Any CPU
		{9A197751-6E53-4DCA-A42E-79086D230A9A}.Debug|Any CPU.Build.0 = Debug|Any CPU
		{9A197751-6E53-4DCA-A42E-79086D230A9A}.Release|Any CPU.ActiveCfg = Release|Any CPU
		{9A197751-6E53-4DCA-A42E-79086D230A9A}.Release|Any CPU.Build.0 = Release|Any CPU
		{A9B1CD09-485B-4069-85F4-4DB1AFA536B5}.Debug|Any CPU.ActiveCfg = Debug|Any CPU
		{A9B1CD09-485B-4069-85F4-4DB1AFA536B5}.Debug|Any CPU.Build.0 = Debug|Any CPU
		{A9B1CD09-485B-4069-85F4-4DB1AFA536B5}.Release|Any CPU.ActiveCfg = Release|Any CPU
		{A9B1CD09-485B-4069-85F4-4DB1AFA536B5}.Release|Any CPU.Build.0 = Release|Any CPU
		{D7A22F26-DA1F-40E0-BA24-0A7E97C5F2BA}.Debug|Any CPU.ActiveCfg = Debug|Any CPU
		{D7A22F26-DA1F-40E0-BA24-0A7E97C5F2BA}.Debug|Any CPU.Build.0 = Debug|Any CPU
		{D7A22F26-DA1F-40E0-BA24-0A7E97C5F2BA}.Release|Any CPU.ActiveCfg = Release|Any CPU
		{D7A22F26-DA1F-40E0-BA24-0A7E97C5F2BA}.Release|Any CPU.Build.0 = Release|Any CPU
		{A4F27C9A-1AC9-49F3-8B52-A6CF0AB7E6E4}.Debug|Any CPU.ActiveCfg = Debug|Any CPU
		{A4F27C9A-1AC9-49F3-8B52-A6CF0AB7E6E4}.Debug|Any CPU.Build.0 = Debug|Any CPU
		{A4F27C9A-1AC9-49F3-8B52-A6CF0AB7E6E4}.Release|Any CPU.ActiveCfg = Release|Any CPU
		{A4F27C9A-1AC9-49F3-8B52-A6CF0AB7E6E4}.Release|Any CPU.Build.0 = Release|Any CPU
		{0B36E2F9-F642-425F-8FF2-C247338EDCC7}.Debug|Any CPU.ActiveCfg = Debug|Any CPU
		{0B36E2F9-F642-425F-8FF2-C247338EDCC7}.Debug|Any CPU.Build.0 = Debug|Any CPU
		{0B36E2F9-F642-425F-8FF2-C247338EDCC7}.Release|Any CPU.ActiveCfg = Release|Any CPU
		{0B36E2F9-F642-425F-8FF2-C247338EDCC7}.Release|Any CPU.Build.0 = Release|Any CPU
	EndGlobalSection
	GlobalSection(SolutionProperties) = preSolution
		HideSolutionNode = FALSE
	EndGlobalSection
	GlobalSection(NestedProjects) = preSolution
		{9A197751-6E53-4DCA-A42E-79086D230A9A} = {B087167F-F6C3-4891-949C-5DEA42737243}
		{A9B1CD09-485B-4069-85F4-4DB1AFA536B5} = {B087167F-F6C3-4891-949C-5DEA42737243}
		{D7A22F26-DA1F-40E0-BA24-0A7E97C5F2BA} = {CDA60CAD-8D78-45CC-8BDC-209512B2E15D}
		{A4F27C9A-1AC9-49F3-8B52-A6CF0AB7E6E4} = {CDA60CAD-8D78-45CC-8BDC-209512B2E15D}
		{0B36E2F9-F642-425F-8FF2-C247338EDCC7} = {CBF8366E-7D0B-4C59-AF96-2DA44BCDB456}
	EndGlobalSection
	GlobalSection(ExtensibilityGlobals) = postSolution
		SolutionGuid = {3D67CDE7-B7B7-4723-8A28-9637C1891051}
	EndGlobalSection
EndGlobal
